# THIS IS AN AUTOGENERATED FILE. DO NOT EDIT THIS FILE DIRECTLY.
# yarn lockfile v1


"@jlengstorf/get-twitch-oauth@^1.0.0":
  version "1.0.0"
  resolved "https://registry.yarnpkg.com/@jlengstorf/get-twitch-oauth/-/get-twitch-oauth-1.0.0.tgz#71266b49a23003bc78e08e8e398f4695e9395577"
  integrity sha512-6hcZZQZBjuB4bvWoITYCPZ9mbRMkqxFnycyMRAshMkqs1qia8vMzGnEtL4c7VNWCnwQR3KQTO1kFHkYsuB6WHw==
  dependencies:
    dotenv "^8.2.0"
    node-fetch "^2.6.0"

"@stream-blitz/create-handler@^0.1.0":
  version "0.1.0"
  resolved "https://registry.yarnpkg.com/@stream-blitz/create-handler/-/create-handler-0.1.0.tgz#33d08a3fea32ce128c29a53dfc38f8c0999d6896"
  integrity sha512-cTki/OJ5N8uRKGreupghGKgKpAsj3GhJ7iExyQ88yUabGS16UQHTmVf0RbcZgWDZaxGtvbcsSuYKUKvrLdUZYw==

"@types/node@>=8.1.0":
  version "13.9.8"
  resolved "https://registry.yarnpkg.com/@types/node/-/node-13.9.8.tgz#09976420fc80a7a00bf40680c63815ed8c7616f4"
  integrity sha512-1WgO8hsyHynlx7nhP1kr0OFzsgKz5XDQL+Lfc3b1Q3qIln/n8cKD4m09NJ0+P1Rq7Zgnc7N0+SsMnoD1rEb0kA==

axios@^0.19.0:
  version "0.19.2"
  resolved "https://registry.yarnpkg.com/axios/-/axios-0.19.2.tgz#3ea36c5d8818d0d5f8a8a97a6d36b86cdc00cb27"
  integrity sha512-fjgm5MvRHLhx+osE2xoekY70AhARk3a6hkN+3Io1jc00jtquGvxYlKlsFUhmUET0V5te6CcZI7lcv2Ym61mjHA==
  dependencies:
    follow-redirects "1.5.10"

debug@=3.1.0:
  version "3.1.0"
  resolved "https://registry.yarnpkg.com/debug/-/debug-3.1.0.tgz#5bb5a0672628b64149566ba16819e61518c67261"
  integrity sha512-OX8XqP7/1a9cqkxYw2yXss15f26NKWBpDXQd0/uK/KPqdQhxbPa994hnzjcE2VqQpDslf55723cKPUOGSmMY3g==
  dependencies:
    ms "2.0.0"

dotenv@^8.2.0:
  version "8.2.0"
  resolved "https://registry.yarnpkg.com/dotenv/-/dotenv-8.2.0.tgz#97e619259ada750eea3e4ea3e26bceea5424b16a"
  integrity sha512-8sJ78ElpbDJBHNeBzUbUVLsqKdccaa/BXF1uPTw3GrvQTBgrQrtObr2mUrE38vzYd8cEv+m/JBfDLioYcfXoaw==

follow-redirects@1.5.10:
  version "1.5.10"
  resolved "https://registry.yarnpkg.com/follow-redirects/-/follow-redirects-1.5.10.tgz#7b7a9f9aea2fdff36786a94ff643ed07f4ff5e2a"
  integrity sha512-0V5l4Cizzvqt5D44aTXbFZz+FtyXV1vrDN6qrelxtfYQKW0KO0W2T/hkE8xvGa/540LkZlkaUjO4ailYTFtHVQ==
  dependencies:
    debug "=3.1.0"

ms@2.0.0:
  version "2.0.0"
  resolved "https://registry.yarnpkg.com/ms/-/ms-2.0.0.tgz#5608aeadfc00be6c2901df5f9861788de0d597c8"
  integrity sha1-VgiurfwAvmwpAd9fmGF4jeDVl8g=

node-fetch@^2.6.0:
  version "2.6.0"
  resolved "https://registry.yarnpkg.com/node-fetch/-/node-fetch-2.6.0.tgz#e633456386d4aa55863f676a7ab0daa8fdecb0fd"
  integrity sha512-8dG4H5ujfvFiqDmVu9fQ5bOHUC15JMjMY/Zumv26oOvvVJjM67KF8koCWIabKQ1GJIa9r2mMZscBq/TbdOcmNA==

qs@^6.6.0:
  version "6.9.3"
  resolved "https://registry.yarnpkg.com/qs/-/qs-6.9.3.tgz#bfadcd296c2d549f1dffa560619132c977f5008e"
  integrity sha512-EbZYNarm6138UKKq46tdx08Yo/q9ZhFoAXAI1meAFd2GtbRDhbZY2WQSICskT0c5q99aFzLG1D4nvTk9tqfXIw==

stripe@^8.38.0:
  version "8.38.0"
  resolved "https://registry.yarnpkg.com/stripe/-/stripe-8.38.0.tgz#0b673a690be8fac79026c33fa656a3a2e3a49ee9"
  integrity sha512-dhYHHJMJIOTtP9f1IaOKt+RKFSiSci2q2oNrRM3HLMNFi6ahZvMWKE2+bLetwFa4CZZLt9x2SXM7dPrL3KRVng==
  dependencies:
    "@types/node" ">=8.1.0"
    qs "^6.6.0"
